// !$*UTF8*$!
{
	archiveVersion = 1;
	classes = {
	};
	objectVersion = 46;
	objects = {

/* Begin PBXBuildFile section */
		71879AE71884C04900CA445A /* Foundation.framework in Frameworks */ = {isa = PBXBuildFile; fileRef = 71879AE61884C04900CA445A /* Foundation.framework */; };
		71879AEA1884C04900CA445A /* main.m in Sources */ = {isa = PBXBuildFile; fileRef = 71879AE91884C04900CA445A /* main.m */; };
		71879AEE1884C04900CA445A /* iconify.1 in CopyFiles */ = {isa = PBXBuildFile; fileRef = 71879AED1884C04900CA445A /* iconify.1 */; };
		718B57791889CDF800763AB6 /* NSImage+QuickLook.m in Sources */ = {isa = PBXBuildFile; fileRef = 718B57781889CDF800763AB6 /* NSImage+QuickLook.m */; };
		718B577B1889CE0800763AB6 /* Quartz.framework in Frameworks */ = {isa = PBXBuildFile; fileRef = 718B577A1889CE0800763AB6 /* Quartz.framework */; };
		718B577D1889CE0F00763AB6 /* AppKit.framework in Frameworks */ = {isa = PBXBuildFile; fileRef = 718B577C1889CE0F00763AB6 /* AppKit.framework */; };
		718B57801889CE2B00763AB6 /* ServiceProvider.m in Sources */ = {isa = PBXBuildFile; fileRef = 718B577F1889CE2B00763AB6 /* ServiceProvider.m */; };
		718B578D1889CF3400763AB6 /* DDAbstractDatabaseLogger.m in Sources */ = {isa = PBXBuildFile; fileRef = 718B57841889CF3400763AB6 /* DDAbstractDatabaseLogger.m */; };
		718B578E1889CF3400763AB6 /* DDASLLogger.m in Sources */ = {isa = PBXBuildFile; fileRef = 718B57861889CF3400763AB6 /* DDASLLogger.m */; };
		718B578F1889CF3400763AB6 /* DDFileLogger.m in Sources */ = {isa = PBXBuildFile; fileRef = 718B57881889CF3400763AB6 /* DDFileLogger.m */; };
		718B57901889CF3400763AB6 /* DDLog.m in Sources */ = {isa = PBXBuildFile; fileRef = 718B578A1889CF3400763AB6 /* DDLog.m */; };
		718B57911889CF3400763AB6 /* DDTTYLogger.m in Sources */ = {isa = PBXBuildFile; fileRef = 718B578C1889CF3400763AB6 /* DDTTYLogger.m */; };
		718B57941889D02300763AB6 /* NSString+Mime.m in Sources */ = {isa = PBXBuildFile; fileRef = 718B57931889D02300763AB6 /* NSString+Mime.m */; };
/* End PBXBuildFile section */

/* Begin PBXCopyFilesBuildPhase section */
		71879AE11884C04900CA445A /* CopyFiles */ = {
			isa = PBXCopyFilesBuildPhase;
			buildActionMask = 2147483647;
			dstPath = /usr/share/man/man1/;
			dstSubfolderSpec = 0;
			files = (
				71879AEE1884C04900CA445A /* iconify.1 in CopyFiles */,
			);
			runOnlyForDeploymentPostprocessing = 1;
		};
/* End PBXCopyFilesBuildPhase section */

/* Begin PBXFileReference section */
		71879AE31884C04900CA445A /* iconify */ = {isa = PBXFileReference; explicitFileType = "compiled.mach-o.executable"; includeInIndex = 0; path = iconify; sourceTree = BUILT_PRODUCTS_DIR; };
		71879AE61884C04900CA445A /* Foundation.framework */ = {isa = PBXFileReference; lastKnownFileType = wrapper.framework; name = Foundation.framework; path = System/Library/Frameworks/Foundation.framework; sourceTree = SDKROOT; };
		71879AE91884C04900CA445A /* main.m */ = {isa = PBXFileReference; lastKnownFileType = sourcecode.c.objc; path = main.m; sourceTree = "<group>"; };
		71879AEC1884C04900CA445A /* iconify-Prefix.pch */ = {isa = PBXFileReference; lastKnownFileType = sourcecode.c.h; path = "iconify-Prefix.pch"; sourceTree = "<group>"; };
		71879AED1884C04900CA445A /* iconify.1 */ = {isa = PBXFileReference; lastKnownFileType = text.man; path = iconify.1; sourceTree = "<group>"; };
		718B57771889CDF800763AB6 /* NSImage+QuickLook.h */ = {isa = PBXFileReference; fileEncoding = 4; lastKnownFileType = sourcecode.c.h; path = "NSImage+QuickLook.h"; sourceTree = "<group>"; };
		718B57781889CDF800763AB6 /* NSImage+QuickLook.m */ = {isa = PBXFileReference; fileEncoding = 4; lastKnownFileType = sourcecode.c.objc; path = "NSImage+QuickLook.m"; sourceTree = "<group>"; };
		718B577A1889CE0800763AB6 /* Quartz.framework */ = {isa = PBXFileReference; lastKnownFileType = wrapper.framework; name = Quartz.framework; path = System/Library/Frameworks/Quartz.framework; sourceTree = SDKROOT; };
		718B577C1889CE0F00763AB6 /* AppKit.framework */ = {isa = PBXFileReference; lastKnownFileType = wrapper.framework; name = AppKit.framework; path = System/Library/Frameworks/AppKit.framework; sourceTree = SDKROOT; };
		718B577E1889CE2B00763AB6 /* ServiceProvider.h */ = {isa = PBXFileReference; fileEncoding = 4; lastKnownFileType = sourcecode.c.h; path = ServiceProvider.h; sourceTree = "<group>"; };
		718B577F1889CE2B00763AB6 /* ServiceProvider.m */ = {isa = PBXFileReference; fileEncoding = 4; lastKnownFileType = sourcecode.c.objc; path = ServiceProvider.m; sourceTree = "<group>"; };
		718B57831889CF3400763AB6 /* DDAbstractDatabaseLogger.h */ = {isa = PBXFileReference; fileEncoding = 4; lastKnownFileType = sourcecode.c.h; path = DDAbstractDatabaseLogger.h; sourceTree = "<group>"; };
		718B57841889CF3400763AB6 /* DDAbstractDatabaseLogger.m */ = {isa = PBXFileReference; fileEncoding = 4; lastKnownFileType = sourcecode.c.objc; path = DDAbstractDatabaseLogger.m; sourceTree = "<group>"; };
		718B57851889CF3400763AB6 /* DDASLLogger.h */ = {isa = PBXFileReference; fileEncoding = 4; lastKnownFileType = sourcecode.c.h; path = DDASLLogger.h; sourceTree = "<group>"; };
		718B57861889CF3400763AB6 /* DDASLLogger.m */ = {isa = PBXFileReference; fileEncoding = 4; lastKnownFileType = sourcecode.c.objc; path = DDASLLogger.m; sourceTree = "<group>"; };
		718B57871889CF3400763AB6 /* DDFileLogger.h */ = {isa = PBXFileReference; fileEncoding = 4; lastKnownFileType = sourcecode.c.h; path = DDFileLogger.h; sourceTree = "<group>"; };
		718B57881889CF3400763AB6 /* DDFileLogger.m */ = {isa = PBXFileReference; fileEncoding = 4; lastKnownFileType = sourcecode.c.objc; path = DDFileLogger.m; sourceTree = "<group>"; };
		718B57891889CF3400763AB6 /* DDLog.h */ = {isa = PBXFileReference; fileEncoding = 4; lastKnownFileType = sourcecode.c.h; path = DDLog.h; sourceTree = "<group>"; };
		718B578A1889CF3400763AB6 /* DDLog.m */ = {isa = PBXFileReference; fileEncoding = 4; lastKnownFileType = sourcecode.c.objc; path = DDLog.m; sourceTree = "<group>"; };
		718B578B1889CF3400763AB6 /* DDTTYLogger.h */ = {isa = PBXFileReference; fileEncoding = 4; lastKnownFileType = sourcecode.c.h; path = DDTTYLogger.h; sourceTree = "<group>"; };
		718B578C1889CF3400763AB6 /* DDTTYLogger.m */ = {isa = PBXFileReference; fileEncoding = 4; lastKnownFileType = sourcecode.c.objc; path = DDTTYLogger.m; sourceTree = "<group>"; };
		718B57921889D02300763AB6 /* NSString+Mime.h */ = {isa = PBXFileReference; fileEncoding = 4; lastKnownFileType = sourcecode.c.h; path = "NSString+Mime.h"; sourceTree = "<group>"; };
		718B57931889D02300763AB6 /* NSString+Mime.m */ = {isa = PBXFileReference; fileEncoding = 4; lastKnownFileType = sourcecode.c.objc; path = "NSString+Mime.m"; sourceTree = "<group>"; };
/* End PBXFileReference section */

/* Begin PBXFrameworksBuildPhase section */
		71879AE01884C04900CA445A /* Frameworks */ = {
			isa = PBXFrameworksBuildPhase;
			buildActionMask = 2147483647;
			files = (
				718B577D1889CE0F00763AB6 /* AppKit.framework in Frameworks */,
				718B577B1889CE0800763AB6 /* Quartz.framework in Frameworks */,
				71879AE71884C04900CA445A /* Foundation.framework in Frameworks */,
			);
			runOnlyForDeploymentPostprocessing = 0;
		};
/* End PBXFrameworksBuildPhase section */

/* Begin PBXGroup section */
		71879ADA1884C04900CA445A = {
			isa = PBXGroup;
			children = (
				718B577C1889CE0F00763AB6 /* AppKit.framework */,
				718B577A1889CE0800763AB6 /* Quartz.framework */,
				71879AE81884C04900CA445A /* iconify */,
				71879AE51884C04900CA445A /* Frameworks */,
				71879AE41884C04900CA445A /* Products */,
			);
			sourceTree = "<group>";
		};
		71879AE41884C04900CA445A /* Products */ = {
			isa = PBXGroup;
			children = (
				71879AE31884C04900CA445A /* iconify */,
			);
			name = Products;
			sourceTree = "<group>";
		};
		71879AE51884C04900CA445A /* Frameworks */ = {
			isa = PBXGroup;
			children = (
				71879AE61884C04900CA445A /* Foundation.framework */,
			);
			name = Frameworks;
			sourceTree = "<group>";
		};
		71879AE81884C04900CA445A /* iconify */ = {
			isa = PBXGroup;
			children = (
				718B57821889CF2400763AB6 /* Logging */,
				718B577E1889CE2B00763AB6 /* ServiceProvider.h */,
				718B577F1889CE2B00763AB6 /* ServiceProvider.m */,
				718B57771889CDF800763AB6 /* NSImage+QuickLook.h */,
				718B57781889CDF800763AB6 /* NSImage+QuickLook.m */,
				718B57921889D02300763AB6 /* NSString+Mime.h */,
				718B57931889D02300763AB6 /* NSString+Mime.m */,
				71879AE91884C04900CA445A /* main.m */,
				71879AED1884C04900CA445A /* iconify.1 */,
				71879AEB1884C04900CA445A /* Supporting Files */,
			);
			path = iconify;
			sourceTree = "<group>";
		};
		71879AEB1884C04900CA445A /* Supporting Files */ = {
			isa = PBXGroup;
			children = (
				71879AEC1884C04900CA445A /* iconify-Prefix.pch */,
			);
			name = "Supporting Files";
			sourceTree = "<group>";
		};
		718B57821889CF2400763AB6 /* Logging */ = {
			isa = PBXGroup;
			children = (
				718B57831889CF3400763AB6 /* DDAbstractDatabaseLogger.h */,
				718B57841889CF3400763AB6 /* DDAbstractDatabaseLogger.m */,
				718B57851889CF3400763AB6 /* DDASLLogger.h */,
				718B57861889CF3400763AB6 /* DDASLLogger.m */,
				718B57871889CF3400763AB6 /* DDFileLogger.h */,
				718B57881889CF3400763AB6 /* DDFileLogger.m */,
				718B57891889CF3400763AB6 /* DDLog.h */,
				718B578A1889CF3400763AB6 /* DDLog.m */,
				718B578B1889CF3400763AB6 /* DDTTYLogger.h */,
				718B578C1889CF3400763AB6 /* DDTTYLogger.m */,
			);
			name = Logging;
			sourceTree = "<group>";
		};
/* End PBXGroup section */

/* Begin PBXNativeTarget section */
		71879AE21884C04900CA445A /* iconify */ = {
			isa = PBXNativeTarget;
			buildConfigurationList = 71879AF11884C04900CA445A /* Build configuration list for PBXNativeTarget "iconify" */;
			buildPhases = (
				71879ADF1884C04900CA445A /* Sources */,
				71879AE01884C04900CA445A /* Frameworks */,
				71879AE11884C04900CA445A /* CopyFiles */,
			);
			buildRules = (
			);
			dependencies = (
			);
			name = iconify;
			productName = iconify;
			productReference = 71879AE31884C04900CA445A /* iconify */;
			productType = "com.apple.product-type.tool";
		};
/* End PBXNativeTarget section */

/* Begin PBXProject section */
		71879ADB1884C04900CA445A /* Project object */ = {
			isa = PBXProject;
			attributes = {
				LastUpgradeCheck = 0460;
				ORGANIZATIONNAME = "Scott Penberthy";
			};
			buildConfigurationList = 71879ADE1884C04900CA445A /* Build configuration list for PBXProject "iconify" */;
			compatibilityVersion = "Xcode 3.2";
			developmentRegion = English;
			hasScannedForEncodings = 0;
			knownRegions = (
				en,
			);
			mainGroup = 71879ADA1884C04900CA445A;
			productRefGroup = 71879AE41884C04900CA445A /* Products */;
			projectDirPath = "";
			projectRoot = "";
			targets = (
				71879AE21884C04900CA445A /* iconify */,
			);
		};
/* End PBXProject section */

/* Begin PBXSourcesBuildPhase section */
		71879ADF1884C04900CA445A /* Sources */ = {
			isa = PBXSourcesBuildPhase;
			buildActionMask = 2147483647;
			files = (
				71879AEA1884C04900CA445A /* main.m in Sources */,
				718B57791889CDF800763AB6 /* NSImage+QuickLook.m in Sources */,
				718B57801889CE2B00763AB6 /* ServiceProvider.m in Sources */,
				718B578D1889CF3400763AB6 /* DDAbstractDatabaseLogger.m in Sources */,
				718B578E1889CF3400763AB6 /* DDASLLogger.m in Sources */,
				718B578F1889CF3400763AB6 /* DDFileLogger.m in Sources */,
				718B57901889CF3400763AB6 /* DDLog.m in Sources */,
				718B57911889CF3400763AB6 /* DDTTYLogger.m in Sources */,
				718B57941889D02300763AB6 /* NSString+Mime.m in Sources */,
			);
			runOnlyForDeploymentPostprocessing = 0;
		};
/* End PBXSourcesBuildPhase section */

/* Begin XCBuildConfiguration section */
		71879AEF1884C04900CA445A /* Debug */ = {
			isa = XCBuildConfiguration;
			buildSettings = {
				ALWAYS_SEARCH_USER_PATHS = NO;
				ARCHS = "$(ARCHS_STANDARD_64_BIT)";
				CLANG_CXX_LANGUAGE_STANDARD = "gnu++0x";
				CLANG_CXX_LIBRARY = "libc++";
				CLANG_ENABLE_OBJC_ARC = YES;
				CLANG_WARN_CONSTANT_CONVERSION = YES;
				CLANG_WARN_EMPTY_BODY = YES;
				CLANG_WARN_ENUM_CONVERSION = YES;
				CLANG_WARN_INT_CONVERSION = YES;
				CLANG_WARN__DUPLICATE_METHOD_MATCH = YES;
				COPY_PHASE_STRIP = NO;
				GCC_C_LANGUAGE_STANDARD = gnu99;
				GCC_DYNAMIC_NO_PIC = NO;
				GCC_ENABLE_OBJC_EXCEPTIONS = YES;
				GCC_OPTIMIZATION_LEVEL = 0;
				GCC_PREPROCESSOR_DEFINITIONS = (
					"DEBUG=1",
					"$(inherited)",
				);
				GCC_SYMBOLS_PRIVATE_EXTERN = NO;
				GCC_WARN_64_TO_32_BIT_CONVERSION = YES;
				GCC_WARN_ABOUT_RETURN_TYPE = YES;
				GCC_WARN_UNINITIALIZED_AUTOS = YES;
				GCC_WARN_UNUSED_VARIABLE = YES;
				MACOSX_DEPLOYMENT_TARGET = 10.8;
				ONLY_ACTIVE_ARCH = YES;
				SDKROOT = macosx;
			};
			name = Debug;
		};
		71879AF01884C04900CA445A /* Release */ = {
			isa = XCBuildConfiguration;
			buildSettings = {
				ALWAYS_SEARCH_USER_PATHS = NO;
				ARCHS = "$(ARCHS_STANDARD_64_BIT)";
				CLANG_CXX_LANGUAGE_STANDARD = "gnu++0x";
				CLANG_CXX_LIBRARY = "libc++";
				CLANG_ENABLE_OBJC_ARC = YES;
				CLANG_WARN_CONSTANT_CONVERSION = YES;
				CLANG_WARN_EMPTY_BODY = YES;
				CLANG_WARN_ENUM_CONVERSION = YES;
				CLANG_WARN_INT_CONVERSION = YES;
				CLANG_WARN__DUPLICATE_METHOD_MATCH = YES;
				COPY_PHASE_STRIP = YES;
				DEBUG_INFORMATION_FORMAT = "dwarf-with-dsym";
				GCC_C_LANGUAGE_STANDARD = gnu99;
				GCC_ENABLE_OBJC_EXCEPTIONS = YES;
				GCC_WARN_64_TO_32_BIT_CONVERSION = YES;
				GCC_WARN_ABOUT_RETURN_TYPE = YES;
				GCC_WARN_UNINITIALIZED_AUTOS = YES;
				GCC_WARN_UNUSED_VARIABLE = YES;
				MACOSX_DEPLOYMENT_TARGET = 10.8;
				SDKROOT = macosx;
			};
			name = Release;
		};
		71879AF21884C04900CA445A /* Debug */ = {
			isa = XCBuildConfiguration;
			buildSettings = {
				GCC_PRECOMPILE_PREFIX_HEADER = YES;
				GCC_PREFIX_HEADER = "iconify/iconify-Prefix.pch";
				PRODUCT_NAME = "$(TARGET_NAME)";
			};
			name = Debug;
		};
		71879AF31884C04900CA445A /* Release */ = {
			isa = XCBuildConfiguration;
			buildSettings = {
				GCC_PRECOMPILE_PREFIX_HEADER = YES;
				GCC_PREFIX_HEADER = "iconify/iconify-Prefix.pch";
				PRODUCT_NAME = "$(TARGET_NAME)";
			};
			name = Release;
		};
/* End XCBuildConfiguration section */

/* Begin XCConfigurationList section */
		71879ADE1884C04900CA445A /* Build configuration list for PBXProject "iconify" */ = {
			isa = XCConfigurationList;
			buildConfigurations = (
				71879AEF1884C04900CA445A /* Debug */,
				71879AF01884C04900CA445A /* Release */,
			);
			defaultConfigurationIsVisible = 0;
			defaultConfigurationName = Release;
		};
		71879AF11884C04900CA445A /* Build configuration list for PBXNativeTarget "iconify" */ = {
			isa = XCConfigurationList;
			buildConfigurations = (
				71879AF21884C04900CA445A /* Debug */,
				71879AF31884C04900CA445A /* Release */,
			);
			defaultConfigurationIsVisible = 0;
			defaultConfigurationName = Release;
		};
/* End XCConfigurationList section */
	};
	rootObject = 71879ADB1884C04900CA445A /* Project object */;
}
